github.com/BurntSushi/toml v0.3.1 h1:WXkYYl6Yr3qBf1K79EBnL4mak0OimBfB0XUf9Vl28OQ=
github.com/BurntSushi/toml v0.3.1/go.mod h1:xHWCNGjB5oqiDr8zfno3MHue2Ht5sIBksp03qcyfWMU=
github.com/davecgh/go-spew v1.1.1/go.mod h1:J7Y8YcW2NihsgmVo/mv3lAwl/skON4iLHjSsI+c5H38=
github.com/mediocregopher/mediocre-go-lib v0.0.0-20181029021733-cb65787f37ed/go.mod h1:dSsfyI2zABAdhcbvkXqgxOxrCsbYeHCPgrZkku60dSg=
github.com/mediocregopher/radix/v3 v3.2.3 h1:TbcGCZdo9zfPYPgevsqRn+OjvCyfOK6TzuXhqzWdCt0=
github.com/mediocregopher/radix/v3 v3.2.3/go.mod h1:EmfVyvspXz1uZEyPBMyGK+kjWiKQGvsUt6O3Pj+LDCQ=
github.com/pmezard/go-difflib v1.0.0/go.mod h1:iKH77koFhYxTK1pcRnkKkqfTogsbg7gZNVY4sRDYZ/4=
github.com/stretchr/testify v1.2.2/go.mod h1:a8OnRcib4nhh0OaRAV+Yts87kKdq0PP7pXfy6kDkUVs=
github.com/tiantour/conf v0.0.0-20190410040104-eb992a5a5fe3 h1:/Uz4rtTh+5khCHgB/kCxLYrcVDouZ/dLzSqNJhVs3UQ=
github.com/tiantour/conf v0.0.0-20190410040104-eb992a5a5fe3/go.mod h1:zg/2IA8bGv9aYeFFOQSdexAnVfGo0D9Ko00oMbKEzhg=
